# This file is automatically @generated by Cargo.
# It is not intended for manual editing.
version = 3

[[package]]
name = "cc"
version = "1.1.13"
source = "registry+https://github.com/rust-lang/crates.io-index"
checksum = "72db2f7947ecee9b03b510377e8bb9077afa27176fdbff55c51027e976fdcc48"
dependencies = [
 "shlex",
]

[[package]]
name = "dawn_sgx"
version = "1.0.0"
dependencies = [
 "sgx_tstd",
 "sgx_types",
]

[[package]]
name = "hashbrown_tstd"
version = "0.12.0"
source = "git+https://github.com/apache/teaclave-sgx-sdk.git#1b1d03376056321441ef99716aa0888bd5ef19f7"

[[package]]
name = "sgx_alloc"
version = "1.1.6"
source = "git+https://github.com/apache/teaclave-sgx-sdk.git#1b1d03376056321441ef99716aa0888bd5ef19f7"

[[package]]
name = "sgx_backtrace_sys"
version = "1.1.6"
source = "git+https://github.com/apache/teaclave-sgx-sdk.git#1b1d03376056321441ef99716aa0888bd5ef19f7"
dependencies = [
 "cc",
 "sgx_build_helper",
 "sgx_libc",
]

[[package]]
name = "sgx_build_helper"
version = "1.1.6"
source = "git+https://github.com/apache/teaclave-sgx-sdk.git#1b1d03376056321441ef99716aa0888bd5ef19f7"

[[package]]
name = "sgx_demangle"
version = "1.1.6"
source = "git+https://github.com/apache/teaclave-sgx-sdk.git#1b1d03376056321441ef99716aa0888bd5ef19f7"

[[package]]
name = "sgx_libc"
version = "1.1.6"
source = "git+https://github.com/apache/teaclave-sgx-sdk.git#1b1d03376056321441ef99716aa0888bd5ef19f7"
dependencies = [
 "sgx_types",
]

[[package]]
name = "sgx_tprotected_fs"
version = "1.1.6"
source = "git+https://github.com/apache/teaclave-sgx-sdk.git#1b1d03376056321441ef99716aa0888bd5ef19f7"
dependencies = [
 "sgx_trts",
 "sgx_types",
]

[[package]]
name = "sgx_trts"
version = "1.1.6"
source = "git+https://github.com/apache/teaclave-sgx-sdk.git#1b1d03376056321441ef99716aa0888bd5ef19f7"
dependencies = [
 "sgx_libc",
 "sgx_types",
]

[[package]]
name = "sgx_tstd"
version = "1.1.6"
source = "git+https://github.com/apache/teaclave-sgx-sdk.git#1b1d03376056321441ef99716aa0888bd5ef19f7"
dependencies = [
 "hashbrown_tstd",
 "sgx_alloc",
 "sgx_backtrace_sys",
 "sgx_demangle",
 "sgx_libc",
 "sgx_tprotected_fs",
 "sgx_trts",
 "sgx_types",
 "sgx_unwind",
]

[[package]]
name = "sgx_types"
version = "1.1.6"
source = "git+https://github.com/apache/teaclave-sgx-sdk.git#1b1d03376056321441ef99716aa0888bd5ef19f7"

[[package]]
name = "sgx_unwind"
version = "1.1.6"
source = "git+https://github.com/apache/teaclave-sgx-sdk.git#1b1d03376056321441ef99716aa0888bd5ef19f7"
dependencies = [
 "sgx_build_helper",
]

[[package]]
name = "shlex"
version = "1.3.0"
source = "registry+https://github.com/rust-lang/crates.io-index"
checksum = "0fda2ff0d084019ba4d7c6f371c95d8fd75ce3524c3cb8fb653a3023f6323e64"
